<?xml version="1.0" encoding="utf-8"?>
<Project ToolsVersion="4.0" xmlns="http://schemas.microsoft.com/developer/msbuild/2003">
  <ItemGroup>
    <Filter Include="Source Files">
      <UniqueIdentifier>{4FC737F1-C7A5-4376-A066-2A32D752A2FF}</UniqueIdentifier>
      <Extensions>cpp;c;cc;cxx;def;odl;idl;hpj;bat;asm;asmx</Extensions>
    </Filter>
    <Filter Include="Header Files">
      <UniqueIdentifier>{93995380-89BD-4b04-88EB-625FBE52EBFB}</UniqueIdentifier>
      <Extensions>h;hpp;hxx;hm;inl;inc;xsd</Extensions>
    </Filter>
    <Filter Include="Resource Files">
      <UniqueIdentifier>{67DA6AB6-F800-4c08-8B7A-83BB121AAD01}</UniqueIdentifier>
      <Extensions>rc;ico;cur;bmp;dlg;rc2;rct;bin;rgs;gif;jpg;jpeg;jpe;resx;tiff;tif;png;wav;mfcribbon-ms</Extensions>
    </Filter>
  </ItemGroup>
  <ItemGroup>
    <ClInclude Include="OrientalControllerTemplate.h">
      <Filter>Header Files</Filter>
    </ClInclude>
    <ClInclude Include="OrientalCRK525PMAKD.h">
      <Filter>Header Files</Filter>
    </ClInclude>
    <ClInclude Include="OrientalFocusKnobs.h">
      <Filter>Header Files</Filter>
    </ClInclude>
    <ClInclude Include="OrientalMotorFocus.h">
      <Filter>Header Files</Filter>
    </ClInclude>
    <ClInclude Include="OrientalMotorHub.h">
      <Filter>Header Files</Filter>
    </ClInclude>
    <ClInclude Include="OrientalDeviceConstants.h">
      <Filter>Header Files</Filter>
    </ClInclude>
    <ClInclude Include="OrientalCRK525MAKDRegisterConstants.h">
      <Filter>Header Files</Filter>
    </ClInclude>
    <ClInclude Include="smartEnum.h">
      <Filter>Header Files</Filter>
    </ClInclude>
    <ClInclude Include="smartRegisters.h">
      <Filter>Header Files</Filter>
    </ClInclude>
    <ClInclude Include="ReadWritePolicies.h">
      <Filter>Header Files</Filter>
    </ClInclude>
    <ClInclude Include="ControllerStatusMonitorThread.h">
      <Filter>Header Files</Filter>
    </ClInclude>
    <ClInclude Include="AlternativeUtils.h">
      <Filter>Header Files</Filter>
    </ClInclude>
    <ClInclude Include="ResetDependency.h">
      <Filter>Header Files</Filter>
    </ClInclude>
    <ClInclude Include="OrientalMotorExceptions.h">
      <Filter>Header Files</Filter>
    </ClInclude>
  </ItemGroup>
  <ItemGroup>
    <ClCompile Include="OrientalControllerTemplate.cpp">
      <Filter>Source Files</Filter>
    </ClCompile>
    <ClCompile Include="OrientalFocusKnobs.cpp">
      <Filter>Source Files</Filter>
    </ClCompile>
    <ClCompile Include="OrientalMotorFocus.cpp">
      <Filter>Source Files</Filter>
    </ClCompile>
    <ClCompile Include="OrientalMotorHub.cpp">
      <Filter>Source Files</Filter>
    </ClCompile>
    <ClCompile Include="Extraneous.cpp">
      <Filter>Header Files</Filter>
    </ClCompile>
    <ClCompile Include="OrientalCRK525MAKD.cpp">
      <Filter>Source Files</Filter>
    </ClCompile>
    <ClCompile Include="OrientalCRK525MAKDRegisterConstants.cpp">
      <Filter>Source Files</Filter>
    </ClCompile>
    <ClCompile Include="ControllerStatusMonitorThread.cpp">
      <Filter>Source Files</Filter>
    </ClCompile>
    <ClCompile Include="AlternativeUtils.cpp">
      <Filter>Source Files</Filter>
    </ClCompile>
  </ItemGroup>
  <ItemGroup>
    <None Include="MM_Boost_Correlation.props" />
  </ItemGroup>
</Project>